
Microsoft Visual Studio Solution File, Format Version 12.00
# Visual Studio Version 17
VisualStudioVersion = 17.0.31903.59
MinimumVisualStudioVersion = 10.0.40219.1
Project("{9A19103F-16F7-4668-BE54-9A1E7A4F7556}") = "DomainModel", "DomainModel\DomainModel.csproj", "{B974BA0E-9F58-495F-B8B2-D6ACD861EC9B}"
EndProject
Project("{9A19103F-16F7-4668-BE54-9A1E7A4F7556}") = "Dal", "Dal\Dal.csproj", "{A0C8C74F-3A31-4BF2-8130-68D1BE4E35AD}"
EndProject
Project("{9A19103F-16F7-4668-BE54-9A1E7A4F7556}") = "ConsoleApp", "ConsoleApp\ConsoleApp.csproj", "{EA307988-43FE-4B13-9085-0F2A93D6783A}"
EndProject
Project("{FAE04EC0-301F-11D3-BF4B-00C04F79EFBC}") = "RedHotelAPI", "RedHotelAPI\RedHotelAPI.csproj", "{B5CB6B10-5889-4336-8E96-CB42C55632EC}"
EndProject
Global
	GlobalSection(SolutionConfigurationPlatforms) = preSolution
		Debug|Any CPU = Debug|Any CPU
		Release|Any CPU = Release|Any CPU
	EndGlobalSection
	GlobalSection(ProjectConfigurationPlatforms) = postSolution
		{B974BA0E-9F58-495F-B8B2-D6ACD861EC9B}.Debug|Any CPU.ActiveCfg = Debug|Any CPU
		{B974BA0E-9F58-495F-B8B2-D6ACD861EC9B}.Debug|Any CPU.Build.0 = Debug|Any CPU
		{B974BA0E-9F58-495F-B8B2-D6ACD861EC9B}.Release|Any CPU.ActiveCfg = Release|Any CPU
		{B974BA0E-9F58-495F-B8B2-D6ACD861EC9B}.Release|Any CPU.Build.0 = Release|Any CPU
		{A0C8C74F-3A31-4BF2-8130-68D1BE4E35AD}.Debug|Any CPU.ActiveCfg = Debug|Any CPU
		{A0C8C74F-3A31-4BF2-8130-68D1BE4E35AD}.Debug|Any CPU.Build.0 = Debug|Any CPU
		{A0C8C74F-3A31-4BF2-8130-68D1BE4E35AD}.Release|Any CPU.ActiveCfg = Release|Any CPU
		{A0C8C74F-3A31-4BF2-8130-68D1BE4E35AD}.Release|Any CPU.Build.0 = Release|Any CPU
		{EA307988-43FE-4B13-9085-0F2A93D6783A}.Debug|Any CPU.ActiveCfg = Debug|Any CPU
		{EA307988-43FE-4B13-9085-0F2A93D6783A}.Debug|Any CPU.Build.0 = Debug|Any CPU
		{EA307988-43FE-4B13-9085-0F2A93D6783A}.Release|Any CPU.ActiveCfg = Release|Any CPU
		{EA307988-43FE-4B13-9085-0F2A93D6783A}.Release|Any CPU.Build.0 = Release|Any CPU
		{B5CB6B10-5889-4336-8E96-CB42C55632EC}.Debug|Any CPU.ActiveCfg = Debug|Any CPU
		{B5CB6B10-5889-4336-8E96-CB42C55632EC}.Debug|Any CPU.Build.0 = Debug|Any CPU
		{B5CB6B10-5889-4336-8E96-CB42C55632EC}.Release|Any CPU.ActiveCfg = Release|Any CPU
		{B5CB6B10-5889-4336-8E96-CB42C55632EC}.Release|Any CPU.Build.0 = Release|Any CPU
	EndGlobalSection
	GlobalSection(SolutionProperties) = preSolution
		HideSolutionNode = FALSE
	EndGlobalSection
	GlobalSection(ExtensibilityGlobals) = postSolution
		SolutionGuid = {6EE56E4D-A103-4D68-A77D-BFFA849B4D7A}
	EndGlobalSection
EndGlobal
